# This file is automatically @generated by Cargo.
# It is not intended for manual editing.
version = 3

[[package]]
name = "blobby"
version = "0.3.1"
source = "registry+https://github.com/rust-lang/crates.io-index"
checksum = "847495c209977a90e8aad588b959d0ca9f5dc228096d29a6bd3defd53f35eaec"

[[package]]
name = "block-padding"
version = "0.4.0-pre.4"
source = "registry+https://github.com/rust-lang/crates.io-index"
checksum = "e8ab21a8964437caf2e83a92a1221ce65e356a2a9b8b52d58bece04005fe114e"
dependencies = [
 "hybrid-array",
]

[[package]]
name = "cfg-if"
version = "1.0.0"
source = "registry+https://github.com/rust-lang/crates.io-index"
checksum = "baf1de4339761588bc0619e3cbc0120ee582ebb74b53b4efbf79117bd2da40fd"

[[package]]
name = "chacha20"
version = "0.10.0-pre"
dependencies = [
 "cfg-if",
 "cipher",
 "cpufeatures",
 "hex-literal",
 "rand_chacha",
 "rand_core 0.9.0-alpha.1",
 "serde",
 "serde_json",
 "zeroize",
]

[[package]]
name = "cipher"
version = "0.5.0-pre.4"
source = "registry+https://github.com/rust-lang/crates.io-index"
checksum = "84fba98785cecd0e308818a87c817576a40f99d8bab6405bf422bacd3efb6c1f"
dependencies = [
 "blobby",
 "crypto-common",
 "inout",
 "zeroize",
]

[[package]]
name = "cpufeatures"
version = "0.2.12"
source = "registry+https://github.com/rust-lang/crates.io-index"
checksum = "53fe5e26ff1b7aef8bca9c6080520cfb8d9333c7568e1829cef191a9723e5504"
dependencies = [
 "libc",
]

[[package]]
name = "crypto-common"
version = "0.2.0-pre.5"
source = "registry+https://github.com/rust-lang/crates.io-index"
checksum = "b7aa2ec04f5120b830272a481e8d9d8ba4dda140d2cda59b0f1110d5eb93c38e"
dependencies = [
 "getrandom",
 "hybrid-array",
 "rand_core 0.6.4",
]

[[package]]
name = "getrandom"
version = "0.2.13"
source = "registry+https://github.com/rust-lang/crates.io-index"
checksum = "a06fddc2749e0528d2813f95e050e87e52c8cbbae56223b9babf73b3e53b0cc6"
dependencies = [
 "cfg-if",
 "libc",
 "wasi",
]

[[package]]
name = "hc-256"
version = "0.6.0-pre"
dependencies = [
 "cipher",
 "hex-literal",
]

[[package]]
name = "hex-literal"
version = "0.4.1"
source = "registry+https://github.com/rust-lang/crates.io-index"
checksum = "6fe2267d4ed49bc07b63801559be28c718ea06c4738b7a03c94df7386d2cde46"

[[package]]
name = "hybrid-array"
version = "0.2.0-rc.8"
source = "registry+https://github.com/rust-lang/crates.io-index"
checksum = "53668f5da5a41d9eaf4bf7064be46d1ebe6a4e1ceed817f387587b18f2b51047"
dependencies = [
 "typenum",
]

[[package]]
name = "inout"
version = "0.2.0-pre.4"
source = "registry+https://github.com/rust-lang/crates.io-index"
checksum = "0a2cc35b920cc3b344af824e64e508ffc2c819fc2368ed4d253244446194d2fe"
dependencies = [
 "block-padding",
 "hybrid-array",
]

[[package]]
name = "itoa"
version = "1.0.11"
source = "registry+https://github.com/rust-lang/crates.io-index"
checksum = "49f1f14873335454500d59611f1cf4a4b0f786f9ac11f4312a78e4cf2566695b"

[[package]]
name = "libc"
version = "0.2.153"
source = "registry+https://github.com/rust-lang/crates.io-index"
checksum = "9c198f91728a82281a64e1f4f9eeb25d82cb32a5de251c6bd1b5154d63a8e7bd"

[[package]]
name = "ppv-lite86"
version = "0.2.17"
source = "registry+https://github.com/rust-lang/crates.io-index"
checksum = "5b40af805b3121feab8a3c29f04d8ad262fa8e0561883e7653e024ae4479e6de"

[[package]]
name = "proc-macro2"
version = "1.0.79"
source = "registry+https://github.com/rust-lang/crates.io-index"
checksum = "e835ff2298f5721608eb1a980ecaee1aef2c132bf95ecc026a11b7bf3c01c02e"
dependencies = [
 "unicode-ident",
]

[[package]]
name = "quote"
version = "1.0.35"
source = "registry+https://github.com/rust-lang/crates.io-index"
checksum = "291ec9ab5efd934aaf503a6466c5d5251535d108ee747472c3977cc5acc868ef"
dependencies = [
 "proc-macro2",
]

[[package]]
name = "rabbit"
version = "0.5.0-pre"
dependencies = [
 "cipher",
 "hex-literal",
]

[[package]]
name = "rand_chacha"
version = "0.3.1"
source = "registry+https://github.com/rust-lang/crates.io-index"
checksum = "e6c10a63a0fa32252be49d21e7709d4d4baf8d231c2dbce1eaa8141b9b127d88"
dependencies = [
 "ppv-lite86",
 "rand_core 0.6.4",
]

[[package]]
name = "rand_core"
version = "0.6.4"
source = "registry+https://github.com/rust-lang/crates.io-index"
checksum = "ec0be4795e2f6a28069bec0b5ff3e2ac9bafc99e6a9a7dc3547996c5c816922c"
dependencies = [
 "getrandom",
]

[[package]]
name = "rand_core"
version = "0.9.0-alpha.1"
source = "registry+https://github.com/rust-lang/crates.io-index"
checksum = "cc89dffba8377c5ec847d12bb41492bda235dba31a25e8b695cd0fe6589eb8c9"
dependencies = [
 "zerocopy",
]

[[package]]
name = "rc4"
version = "0.2.0-pre"
dependencies = [
 "cipher",
 "hex-literal",
]

[[package]]
name = "ryu"
version = "1.0.17"
source = "registry+https://github.com/rust-lang/crates.io-index"
checksum = "e86697c916019a8588c99b5fac3cead74ec0b4b819707a682fd4d23fa0ce1ba1"

[[package]]
name = "salsa20"
version = "0.11.0-pre"
dependencies = [
 "cipher",
 "hex-literal",
]

[[package]]
name = "serde"
version = "1.0.197"
source = "registry+https://github.com/rust-lang/crates.io-index"
checksum = "3fb1c873e1b9b056a4dc4c0c198b24c3ffa059243875552b2bd0933b1aee4ce2"
dependencies = [
 "serde_derive",
]

[[package]]
name = "serde_derive"
version = "1.0.197"
source = "registry+https://github.com/rust-lang/crates.io-index"
checksum = "7eb0b34b42edc17f6b7cac84a52a1c5f0e1bb2227e997ca9011ea3dd34e8610b"
dependencies = [
 "proc-macro2",
 "quote",
 "syn",
]

[[package]]
name = "serde_json"
version = "1.0.115"
source = "registry+https://github.com/rust-lang/crates.io-index"
checksum = "12dc5c46daa8e9fdf4f5e71b6cf9a53f2487da0e86e55808e2d35539666497dd"
dependencies = [
 "itoa",
 "ryu",
 "serde",
]

[[package]]
name = "syn"
version = "2.0.58"
source = "registry+https://github.com/rust-lang/crates.io-index"
checksum = "44cfb93f38070beee36b3fef7d4f5a16f27751d94b187b666a5cc5e9b0d30687"
dependencies = [
 "proc-macro2",
 "quote",
 "unicode-ident",
]

[[package]]
name = "typenum"
version = "1.17.0"
source = "registry+https://github.com/rust-lang/crates.io-index"
checksum = "42ff0bf0c66b8238c6f3b578df37d0b7848e55df8577b3f74f92a69acceeb825"

[[package]]
name = "unicode-ident"
version = "1.0.12"
source = "registry+https://github.com/rust-lang/crates.io-index"
checksum = "3354b9ac3fae1ff6755cb6db53683adb661634f67557942dea4facebec0fee4b"

[[package]]
name = "wasi"
version = "0.11.0+wasi-snapshot-preview1"
source = "registry+https://github.com/rust-lang/crates.io-index"
checksum = "9c8d87e72b64a3b4db28d11ce29237c246188f4f51057d65a7eab63b7987e423"

[[package]]
name = "zerocopy"
version = "0.8.0-alpha.6"
source = "registry+https://github.com/rust-lang/crates.io-index"
checksum = "db678a6ee512bd06adf35c35be471cae2f9c82a5aed2b5d15e03628c98bddd57"
dependencies = [
 "zerocopy-derive",
]

[[package]]
name = "zerocopy-derive"
version = "0.8.0-alpha.6"
source = "registry+https://github.com/rust-lang/crates.io-index"
checksum = "201585ea96d37ee69f2ac769925ca57160cef31acb137c16f38b02b76f4c1e62"
dependencies = [
 "proc-macro2",
 "quote",
 "syn",
]

[[package]]
name = "zeroize"
version = "1.7.0"
source = "registry+https://github.com/rust-lang/crates.io-index"
checksum = "525b4ec142c6b68a2d10f01f7bbf6755599ca3f81ea53b8431b7dd348f5fdb2d"
